
Microsoft Visual Studio Solution File, Format Version 12.00
# Visual Studio 15
VisualStudioVersion = 15.0.28307.1259
MinimumVisualStudioVersion = 10.0.40219.1
Project("{8BC9CEB8-8B4A-11D0-8D11-00A0C91BC942}") = "p18", "p18\p18.vcxproj", "{9463DDF6-42D2-4E55-8099-D2D9E7C79F81}"
EndProject
Global
	GlobalSection(SolutionConfigurationPlatforms) = preSolution
		Debug|x64 = Debug|x64
		Debug|x86 = Debug|x86
		Release|x64 = Release|x64
		Release|x86 = Release|x86
	EndGlobalSection
	GlobalSection(ProjectConfigurationPlatforms) = postSolution
		{9463DDF6-42D2-4E55-8099-D2D9E7C79F81}.Debug|x64.ActiveCfg = Debug|x64
		{9463DDF6-42D2-4E55-8099-D2D9E7C79F81}.Debug|x64.Build.0 = Debug|x64
		{9463DDF6-42D2-4E55-8099-D2D9E7C79F81}.Debug|x86.ActiveCfg = Debug|Win32
		{9463DDF6-42D2-4E55-8099-D2D9E7C79F81}.Debug|x86.Build.0 = Debug|Win32
		{9463DDF6-42D2-4E55-8099-D2D9E7C79F81}.Release|x64.ActiveCfg = Release|x64
		{9463DDF6-42D2-4E55-8099-D2D9E7C79F81}.Release|x64.Build.0 = Release|x64
		{9463DDF6-42D2-4E55-8099-D2D9E7C79F81}.Release|x86.ActiveCfg = Release|Win32
		{9463DDF6-42D2-4E55-8099-D2D9E7C79F81}.Release|x86.Build.0 = Release|Win32
	EndGlobalSection
	GlobalSection(SolutionProperties) = preSolution
		HideSolutionNode = FALSE
	EndGlobalSection
	GlobalSection(ExtensibilityGlobals) = postSolution
		SolutionGuid = {C7D54DF8-39FA-4189-89A0-B7ADCC5153F5}
	EndGlobalSection
EndGlobal
